// !$*UTF8*$!
{
	archiveVersion = 1;
	classes = {
	};
	objectVersion = 46;
	objects = {

/* Begin PBXBuildFile section */
		39009B481E6D269F00697FD9 /* TripletButton.swift in Sources */ = {isa = PBXBuildFile; fileRef = 39009B471E6D269F00697FD9 /* TripletButton.swift */; };
		39009B4C1E6D3FA100697FD9 /* SixteenthButton.swift in Sources */ = {isa = PBXBuildFile; fileRef = 39009B4B1E6D3FA100697FD9 /* SixteenthButton.swift */; };
		39009B4E1E6D410F00697FD9 /* QuarterButton.swift in Sources */ = {isa = PBXBuildFile; fileRef = 39009B4D1E6D410F00697FD9 /* QuarterButton.swift */; };
		3914684B1E34884800CFBB5D /* MightyMetUI.swift in Sources */ = {isa = PBXBuildFile; fileRef = 3914684A1E34884800CFBB5D /* MightyMetUI.swift */; };
		391BD2071ED879B100981733 /* PlaylistTableViewCell.swift in Sources */ = {isa = PBXBuildFile; fileRef = 391BD2061ED879B100981733 /* PlaylistTableViewCell.swift */; };
		391BD2091ED899F500981733 /* Subdivisions.swift in Sources */ = {isa = PBXBuildFile; fileRef = 391BD2081ED899F500981733 /* Subdivisions.swift */; };
		39359D111E369EB6004D4CC0 /* Metronome.swift in Sources */ = {isa = PBXBuildFile; fileRef = 39359D101E369EB6004D4CC0 /* Metronome.swift */; };
		395B000C1EB1B69900E929B0 /* DividerLine.swift in Sources */ = {isa = PBXBuildFile; fileRef = 395B000B1EB1B69900E929B0 /* DividerLine.swift */; };
		395B000E1EB1B72900E929B0 /* AdditionButton.swift in Sources */ = {isa = PBXBuildFile; fileRef = 395B000D1EB1B72900E929B0 /* AdditionButton.swift */; };
		39628C171E3091A300900912 /* AppDelegate.swift in Sources */ = {isa = PBXBuildFile; fileRef = 39628C161E3091A300900912 /* AppDelegate.swift */; };
		39628C191E3091A300900912 /* ViewController.swift in Sources */ = {isa = PBXBuildFile; fileRef = 39628C181E3091A300900912 /* ViewController.swift */; };
		39628C1C1E3091A300900912 /* Main.storyboard in Resources */ = {isa = PBXBuildFile; fileRef = 39628C1A1E3091A300900912 /* Main.storyboard */; };
		39628C1E1E3091A300900912 /* Assets.xcassets in Resources */ = {isa = PBXBuildFile; fileRef = 39628C1D1E3091A300900912 /* Assets.xcassets */; };
		39628C211E3091A300900912 /* LaunchScreen.storyboard in Resources */ = {isa = PBXBuildFile; fileRef = 39628C1F1E3091A300900912 /* LaunchScreen.storyboard */; };
		396B79721EDD3353007BA3A9 /* AddPlaylistViewController.swift in Sources */ = {isa = PBXBuildFile; fileRef = 396B79711EDD3353007BA3A9 /* AddPlaylistViewController.swift */; };
		397956B21EAF0C5800063CC1 /* AuthenticatedViewController.swift in Sources */ = {isa = PBXBuildFile; fileRef = 397956B11EAF0C5800063CC1 /* AuthenticatedViewController.swift */; };
		397956B41EAF0F8200063CC1 /* LoginViewController.swift in Sources */ = {isa = PBXBuildFile; fileRef = 397956B31EAF0F8200063CC1 /* LoginViewController.swift */; };
		398181981EA41122007ED5CF /* TapTempo.swift in Sources */ = {isa = PBXBuildFile; fileRef = 398181971EA41122007ED5CF /* TapTempo.swift */; };
		39829D3A1E766A3F007DAC41 /* clave-low.wav in Resources */ = {isa = PBXBuildFile; fileRef = 39829D321E766A3F007DAC41 /* clave-low.wav */; };
		39829D3B1E766A3F007DAC41 /* clave.wav in Resources */ = {isa = PBXBuildFile; fileRef = 39829D331E766A3F007DAC41 /* clave.wav */; };
		398A2E0A1EDB388C0050F167 /* clave-high.wav in Resources */ = {isa = PBXBuildFile; fileRef = 398A2E091EDB388C0050F167 /* clave-high.wav */; };
		399043351E3F0B1400BC19EB /* PlayButton.swift in Sources */ = {isa = PBXBuildFile; fileRef = 399043341E3F0B1400BC19EB /* PlayButton.swift */; };
		399043371E3F0C8100BC19EB /* PlaylistButton.swift in Sources */ = {isa = PBXBuildFile; fileRef = 399043361E3F0C8100BC19EB /* PlaylistButton.swift */; };
		39AAD4421E3320C9007EC2D7 /* GoogleService-Info.plist in Resources */ = {isa = PBXBuildFile; fileRef = 39AAD4411E3320C9007EC2D7 /* GoogleService-Info.plist */; };
		39B3D9531EE10C41007BB1FF /* SetTimeViewController.swift in Sources */ = {isa = PBXBuildFile; fileRef = 39B3D9521EE10C41007BB1FF /* SetTimeViewController.swift */; };
		39B983291E3875A100BCAF89 /* Gradients.swift in Sources */ = {isa = PBXBuildFile; fileRef = 39B983281E3875A100BCAF89 /* Gradients.swift */; };
		39DC7C481E355D9600E0B849 /* XMCircleGestureRecognizer.swift in Sources */ = {isa = PBXBuildFile; fileRef = 39DC7C471E355D9600E0B849 /* XMCircleGestureRecognizer.swift */; };
		39DC7C4A1E355F8700E0B849 /* BPMSelectorView.swift in Sources */ = {isa = PBXBuildFile; fileRef = 39DC7C491E355F8700E0B849 /* BPMSelectorView.swift */; };
		39E7BDE11E44E7F900E7DF8A /* TempoLight.swift in Sources */ = {isa = PBXBuildFile; fileRef = 39E7BDE01E44E7F900E7DF8A /* TempoLight.swift */; };
		39ECB9FB1EA9C4A800B6D704 /* TitleLabel.swift in Sources */ = {isa = PBXBuildFile; fileRef = 39ECB9FA1EA9C4A800B6D704 /* TitleLabel.swift */; };
		39ECB9FD1EA9CA8C00B6D704 /* PlaylistViewController.swift in Sources */ = {isa = PBXBuildFile; fileRef = 39ECB9FC1EA9CA8C00B6D704 /* PlaylistViewController.swift */; };
		39EF2E4B1E6DCAFF008FF6EC /* EighthButton.swift in Sources */ = {isa = PBXBuildFile; fileRef = 39EF2E4A1E6DCAFF008FF6EC /* EighthButton.swift */; };
		3AF00380571516B964708CD6 /* Pods_MightyMet.framework in Frameworks */ = {isa = PBXBuildFile; fileRef = A63508F748E1C94EE753011F /* Pods_MightyMet.framework */; };
/* End PBXBuildFile section */

/* Begin PBXFileReference section */
		39009B471E6D269F00697FD9 /* TripletButton.swift */ = {isa = PBXFileReference; fileEncoding = 4; lastKnownFileType = sourcecode.swift; path = TripletButton.swift; sourceTree = "<group>"; };
		39009B4B1E6D3FA100697FD9 /* SixteenthButton.swift */ = {isa = PBXFileReference; fileEncoding = 4; lastKnownFileType = sourcecode.swift; path = SixteenthButton.swift; sourceTree = "<group>"; };
		39009B4D1E6D410F00697FD9 /* QuarterButton.swift */ = {isa = PBXFileReference; fileEncoding = 4; lastKnownFileType = sourcecode.swift; path = QuarterButton.swift; sourceTree = "<group>"; };
		3914684A1E34884800CFBB5D /* MightyMetUI.swift */ = {isa = PBXFileReference; fileEncoding = 4; lastKnownFileType = sourcecode.swift; path = MightyMetUI.swift; sourceTree = "<group>"; };
		391BD2061ED879B100981733 /* PlaylistTableViewCell.swift */ = {isa = PBXFileReference; fileEncoding = 4; lastKnownFileType = sourcecode.swift; path = PlaylistTableViewCell.swift; sourceTree = "<group>"; };
		391BD2081ED899F500981733 /* Subdivisions.swift */ = {isa = PBXFileReference; fileEncoding = 4; lastKnownFileType = sourcecode.swift; path = Subdivisions.swift; sourceTree = "<group>"; };
		39359D101E369EB6004D4CC0 /* Metronome.swift */ = {isa = PBXFileReference; fileEncoding = 4; lastKnownFileType = sourcecode.swift; path = Metronome.swift; sourceTree = "<group>"; };
		395B000B1EB1B69900E929B0 /* DividerLine.swift */ = {isa = PBXFileReference; fileEncoding = 4; lastKnownFileType = sourcecode.swift; path = DividerLine.swift; sourceTree = "<group>"; };
		395B000D1EB1B72900E929B0 /* AdditionButton.swift */ = {isa = PBXFileReference; fileEncoding = 4; lastKnownFileType = sourcecode.swift; path = AdditionButton.swift; sourceTree = "<group>"; };
		39628C131E3091A300900912 /* MightyMet.app */ = {isa = PBXFileReference; explicitFileType = wrapper.application; includeInIndex = 0; path = MightyMet.app; sourceTree = BUILT_PRODUCTS_DIR; };
		39628C161E3091A300900912 /* AppDelegate.swift */ = {isa = PBXFileReference; lastKnownFileType = sourcecode.swift; path = AppDelegate.swift; sourceTree = "<group>"; };
		39628C181E3091A300900912 /* ViewController.swift */ = {isa = PBXFileReference; lastKnownFileType = sourcecode.swift; path = ViewController.swift; sourceTree = "<group>"; };
		39628C1B1E3091A300900912 /* Base */ = {isa = PBXFileReference; lastKnownFileType = file.storyboard; name = Base; path = Base.lproj/Main.storyboard; sourceTree = "<group>"; };
		39628C1D1E3091A300900912 /* Assets.xcassets */ = {isa = PBXFileReference; lastKnownFileType = folder.assetcatalog; path = Assets.xcassets; sourceTree = "<group>"; };
		39628C201E3091A300900912 /* Base */ = {isa = PBXFileReference; lastKnownFileType = file.storyboard; name = Base; path = Base.lproj/LaunchScreen.storyboard; sourceTree = "<group>"; };
		39628C221E3091A300900912 /* Info.plist */ = {isa = PBXFileReference; lastKnownFileType = text.plist.xml; path = Info.plist; sourceTree = "<group>"; };
		396B79711EDD3353007BA3A9 /* AddPlaylistViewController.swift */ = {isa = PBXFileReference; fileEncoding = 4; lastKnownFileType = sourcecode.swift; path = AddPlaylistViewController.swift; sourceTree = "<group>"; };
		397956B11EAF0C5800063CC1 /* AuthenticatedViewController.swift */ = {isa = PBXFileReference; fileEncoding = 4; lastKnownFileType = sourcecode.swift; path = AuthenticatedViewController.swift; sourceTree = "<group>"; };
		397956B31EAF0F8200063CC1 /* LoginViewController.swift */ = {isa = PBXFileReference; fileEncoding = 4; lastKnownFileType = sourcecode.swift; path = LoginViewController.swift; sourceTree = "<group>"; };
		398181971EA41122007ED5CF /* TapTempo.swift */ = {isa = PBXFileReference; fileEncoding = 4; lastKnownFileType = sourcecode.swift; path = TapTempo.swift; sourceTree = "<group>"; };
		39829D321E766A3F007DAC41 /* clave-low.wav */ = {isa = PBXFileReference; lastKnownFileType = audio.wav; path = "clave-low.wav"; sourceTree = "<group>"; };
		39829D331E766A3F007DAC41 /* clave.wav */ = {isa = PBXFileReference; lastKnownFileType = audio.wav; path = clave.wav; sourceTree = "<group>"; };
		398A2E091EDB388C0050F167 /* clave-high.wav */ = {isa = PBXFileReference; lastKnownFileType = audio.wav; path = "clave-high.wav"; sourceTree = "<group>"; };
		399043341E3F0B1400BC19EB /* PlayButton.swift */ = {isa = PBXFileReference; fileEncoding = 4; lastKnownFileType = sourcecode.swift; path = PlayButton.swift; sourceTree = "<group>"; };
		399043361E3F0C8100BC19EB /* PlaylistButton.swift */ = {isa = PBXFileReference; fileEncoding = 4; lastKnownFileType = sourcecode.swift; path = PlaylistButton.swift; sourceTree = "<group>"; };
		39AAD4411E3320C9007EC2D7 /* GoogleService-Info.plist */ = {isa = PBXFileReference; fileEncoding = 4; lastKnownFileType = text.plist.xml; path = "GoogleService-Info.plist"; sourceTree = "<group>"; };
		39B3D9521EE10C41007BB1FF /* SetTimeViewController.swift */ = {isa = PBXFileReference; fileEncoding = 4; lastKnownFileType = sourcecode.swift; path = SetTimeViewController.swift; sourceTree = "<group>"; };
		39B983281E3875A100BCAF89 /* Gradients.swift */ = {isa = PBXFileReference; fileEncoding = 4; lastKnownFileType = sourcecode.swift; path = Gradients.swift; sourceTree = "<group>"; };
		39DC7C471E355D9600E0B849 /* XMCircleGestureRecognizer.swift */ = {isa = PBXFileReference; fileEncoding = 4; lastKnownFileType = sourcecode.swift; path = XMCircleGestureRecognizer.swift; sourceTree = "<group>"; };
		39DC7C491E355F8700E0B849 /* BPMSelectorView.swift */ = {isa = PBXFileReference; fileEncoding = 4; lastKnownFileType = sourcecode.swift; path = BPMSelectorView.swift; sourceTree = "<group>"; };
		39E7BDE01E44E7F900E7DF8A /* TempoLight.swift */ = {isa = PBXFileReference; fileEncoding = 4; lastKnownFileType = sourcecode.swift; path = TempoLight.swift; sourceTree = "<group>"; };
		39ECB9FA1EA9C4A800B6D704 /* TitleLabel.swift */ = {isa = PBXFileReference; fileEncoding = 4; lastKnownFileType = sourcecode.swift; path = TitleLabel.swift; sourceTree = "<group>"; };
		39ECB9FC1EA9CA8C00B6D704 /* PlaylistViewController.swift */ = {isa = PBXFileReference; fileEncoding = 4; lastKnownFileType = sourcecode.swift; path = PlaylistViewController.swift; sourceTree = "<group>"; };
		39EF2E4A1E6DCAFF008FF6EC /* EighthButton.swift */ = {isa = PBXFileReference; fileEncoding = 4; lastKnownFileType = sourcecode.swift; path = EighthButton.swift; sourceTree = "<group>"; };
		65BD912CE2952922DB5C34BA /* Pods-MightyMet.release.xcconfig */ = {isa = PBXFileReference; includeInIndex = 1; lastKnownFileType = text.xcconfig; name = "Pods-MightyMet.release.xcconfig"; path = "Pods/Target Support Files/Pods-MightyMet/Pods-MightyMet.release.xcconfig"; sourceTree = "<group>"; };
		9064E0C1E3168B848099190D /* Pods-MightyMet.debug.xcconfig */ = {isa = PBXFileReference; includeInIndex = 1; lastKnownFileType = text.xcconfig; name = "Pods-MightyMet.debug.xcconfig"; path = "Pods/Target Support Files/Pods-MightyMet/Pods-MightyMet.debug.xcconfig"; sourceTree = "<group>"; };
		A63508F748E1C94EE753011F /* Pods_MightyMet.framework */ = {isa = PBXFileReference; explicitFileType = wrapper.framework; includeInIndex = 0; path = Pods_MightyMet.framework; sourceTree = BUILT_PRODUCTS_DIR; };
/* End PBXFileReference section */

/* Begin PBXFrameworksBuildPhase section */
		39628C101E3091A300900912 /* Frameworks */ = {
			isa = PBXFrameworksBuildPhase;
			buildActionMask = 2147483647;
			files = (
				3AF00380571516B964708CD6 /* Pods_MightyMet.framework in Frameworks */,
			);
			runOnlyForDeploymentPostprocessing = 0;
		};
/* End PBXFrameworksBuildPhase section */

/* Begin PBXGroup section */
		39158C9C1E5A2D0600B9D812 /* Views */ = {
			isa = PBXGroup;
			children = (
				39628C1A1E3091A300900912 /* Main.storyboard */,
			);
			name = Views;
			sourceTree = "<group>";
		};
		39359D0F1E369E9F004D4CC0 /* Classes */ = {
			isa = PBXGroup;
			children = (
				39359D101E369EB6004D4CC0 /* Metronome.swift */,
				391BD2081ED899F500981733 /* Subdivisions.swift */,
			);
			name = Classes;
			sourceTree = "<group>";
		};
		39628C0A1E3091A300900912 = {
			isa = PBXGroup;
			children = (
				39628C151E3091A300900912 /* MightyMet */,
				39628C141E3091A300900912 /* Products */,
				A90D891B377E0FC84F669AA5 /* Pods */,
				A76D51208FAE05FC0C9F3806 /* Frameworks */,
			);
			sourceTree = "<group>";
		};
		39628C141E3091A300900912 /* Products */ = {
			isa = PBXGroup;
			children = (
				39628C131E3091A300900912 /* MightyMet.app */,
			);
			name = Products;
			sourceTree = "<group>";
		};
		39628C151E3091A300900912 /* MightyMet */ = {
			isa = PBXGroup;
			children = (
				39FB259C1E3C73840008974F /* Sounds */,
				39359D0F1E369E9F004D4CC0 /* Classes */,
				39DC7C461E355D6000E0B849 /* UIClasses */,
				39158C9C1E5A2D0600B9D812 /* Views */,
				39628C161E3091A300900912 /* AppDelegate.swift */,
				397956B11EAF0C5800063CC1 /* AuthenticatedViewController.swift */,
				397956B31EAF0F8200063CC1 /* LoginViewController.swift */,
				39628C181E3091A300900912 /* ViewController.swift */,
				39ECB9FC1EA9CA8C00B6D704 /* PlaylistViewController.swift */,
				396B79711EDD3353007BA3A9 /* AddPlaylistViewController.swift */,
				39B3D9521EE10C41007BB1FF /* SetTimeViewController.swift */,
				39628C1D1E3091A300900912 /* Assets.xcassets */,
				39628C1F1E3091A300900912 /* LaunchScreen.storyboard */,
				39628C221E3091A300900912 /* Info.plist */,
				39AAD4411E3320C9007EC2D7 /* GoogleService-Info.plist */,
			);
			path = MightyMet;
			sourceTree = "<group>";
		};
		39DC7C461E355D6000E0B849 /* UIClasses */ = {
			isa = PBXGroup;
			children = (
				3914684A1E34884800CFBB5D /* MightyMetUI.swift */,
				395B000B1EB1B69900E929B0 /* DividerLine.swift */,
				39DC7C471E355D9600E0B849 /* XMCircleGestureRecognizer.swift */,
				39DC7C491E355F8700E0B849 /* BPMSelectorView.swift */,
				39B983281E3875A100BCAF89 /* Gradients.swift */,
				399043341E3F0B1400BC19EB /* PlayButton.swift */,
				399043361E3F0C8100BC19EB /* PlaylistButton.swift */,
				39E7BDE01E44E7F900E7DF8A /* TempoLight.swift */,
				39009B471E6D269F00697FD9 /* TripletButton.swift */,
				39009B4B1E6D3FA100697FD9 /* SixteenthButton.swift */,
				39009B4D1E6D410F00697FD9 /* QuarterButton.swift */,
				39EF2E4A1E6DCAFF008FF6EC /* EighthButton.swift */,
				398181971EA41122007ED5CF /* TapTempo.swift */,
				39ECB9FA1EA9C4A800B6D704 /* TitleLabel.swift */,
				395B000D1EB1B72900E929B0 /* AdditionButton.swift */,
				391BD2061ED879B100981733 /* PlaylistTableViewCell.swift */,
			);
			name = UIClasses;
			sourceTree = "<group>";
		};
		39FB259C1E3C73840008974F /* Sounds */ = {
			isa = PBXGroup;
			children = (
				398A2E091EDB388C0050F167 /* clave-high.wav */,
				39829D321E766A3F007DAC41 /* clave-low.wav */,
				39829D331E766A3F007DAC41 /* clave.wav */,
			);
			name = Sounds;
			sourceTree = "<group>";
		};
		A76D51208FAE05FC0C9F3806 /* Frameworks */ = {
			isa = PBXGroup;
			children = (
				A63508F748E1C94EE753011F /* Pods_MightyMet.framework */,
			);
			name = Frameworks;
			sourceTree = "<group>";
		};
		A90D891B377E0FC84F669AA5 /* Pods */ = {
			isa = PBXGroup;
			children = (
				9064E0C1E3168B848099190D /* Pods-MightyMet.debug.xcconfig */,
				65BD912CE2952922DB5C34BA /* Pods-MightyMet.release.xcconfig */,
			);
			name = Pods;
			sourceTree = "<group>";
		};
/* End PBXGroup section */

/* Begin PBXNativeTarget section */
		39628C121E3091A300900912 /* MightyMet */ = {
			isa = PBXNativeTarget;
			buildConfigurationList = 39628C251E3091A300900912 /* Build configuration list for PBXNativeTarget "MightyMet" */;
			buildPhases = (
				E4BB5C109F65694CDD3C2A03 /* [CP] Check Pods Manifest.lock */,
				39628C0F1E3091A300900912 /* Sources */,
				39628C101E3091A300900912 /* Frameworks */,
				39628C111E3091A300900912 /* Resources */,
				D4D77C6C2FDF480B66A76055 /* [CP] Embed Pods Frameworks */,
				D422001A9AF8CC46D111B338 /* [CP] Copy Pods Resources */,
				39FFABB51ECDF90B008669A9 /* ShellScript */,
			);
			buildRules = (
			);
			dependencies = (
			);
			name = MightyMet;
			productName = MightyMet;
			productReference = 39628C131E3091A300900912 /* MightyMet.app */;
			productType = "com.apple.product-type.application";
		};
/* End PBXNativeTarget section */

/* Begin PBXProject section */
		39628C0B1E3091A300900912 /* Project object */ = {
			isa = PBXProject;
			attributes = {
				LastSwiftUpdateCheck = 0820;
				LastUpgradeCheck = 0820;
				ORGANIZATIONNAME = "Justin Bane";
				TargetAttributes = {
					39628C121E3091A300900912 = {
						CreatedOnToolsVersion = 8.2.1;
						DevelopmentTeam = S4L5PVTT36;
						ProvisioningStyle = Automatic;
						SystemCapabilities = {
							com.apple.BackgroundModes = {
								enabled = 1;
							};
						};
					};
				};
			};
			buildConfigurationList = 39628C0E1E3091A300900912 /* Build configuration list for PBXProject "MightyMet" */;
			compatibilityVersion = "Xcode 3.2";
			developmentRegion = English;
			hasScannedForEncodings = 0;
			knownRegions = (
				en,
				Base,
			);
			mainGroup = 39628C0A1E3091A300900912;
			productRefGroup = 39628C141E3091A300900912 /* Products */;
			projectDirPath = "";
			projectRoot = "";
			targets = (
				39628C121E3091A300900912 /* MightyMet */,
			);
		};
/* End PBXProject section */

/* Begin PBXResourcesBuildPhase section */
		39628C111E3091A300900912 /* Resources */ = {
			isa = PBXResourcesBuildPhase;
			buildActionMask = 2147483647;
			files = (
				398A2E0A1EDB388C0050F167 /* clave-high.wav in Resources */,
				39829D3B1E766A3F007DAC41 /* clave.wav in Resources */,
				39628C211E3091A300900912 /* LaunchScreen.storyboard in Resources */,
				39AAD4421E3320C9007EC2D7 /* GoogleService-Info.plist in Resources */,
				39628C1E1E3091A300900912 /* Assets.xcassets in Resources */,
				39628C1C1E3091A300900912 /* Main.storyboard in Resources */,
				39829D3A1E766A3F007DAC41 /* clave-low.wav in Resources */,
			);
			runOnlyForDeploymentPostprocessing = 0;
		};
/* End PBXResourcesBuildPhase section */

/* Begin PBXShellScriptBuildPhase section */
		39FFABB51ECDF90B008669A9 /* ShellScript */ = {
			isa = PBXShellScriptBuildPhase;
			buildActionMask = 2147483647;
			files = (
			);
			inputPaths = (
			);
			outputPaths = (
			);
			runOnlyForDeploymentPostprocessing = 0;
			shellPath = /bin/sh;
			shellScript = "\"${PODS_ROOT}/Fabric/run\" 881244d0eb20fb73d9e0462c3ee087a4e03dd89c c4dd761352933cc5f08c984b4d9c236de403fad80cc4ffe681475431a1a2a595";
		};
		D422001A9AF8CC46D111B338 /* [CP] Copy Pods Resources */ = {
			isa = PBXShellScriptBuildPhase;
			buildActionMask = 2147483647;
			files = (
			);
			inputPaths = (
			);
			name = "[CP] Copy Pods Resources";
			outputPaths = (
			);
			runOnlyForDeploymentPostprocessing = 0;
			shellPath = /bin/sh;
			shellScript = "\"${SRCROOT}/Pods/Target Support Files/Pods-MightyMet/Pods-MightyMet-resources.sh\"\n";
			showEnvVarsInLog = 0;
		};
		D4D77C6C2FDF480B66A76055 /* [CP] Embed Pods Frameworks */ = {
			isa = PBXShellScriptBuildPhase;
			buildActionMask = 2147483647;
			files = (
			);
			inputPaths = (
			);
			name = "[CP] Embed Pods Frameworks";
			outputPaths = (
			);
			runOnlyForDeploymentPostprocessing = 0;
			shellPath = /bin/sh;
			shellScript = "\"${SRCROOT}/Pods/Target Support Files/Pods-MightyMet/Pods-MightyMet-frameworks.sh\"\n";
			showEnvVarsInLog = 0;
		};
		E4BB5C109F65694CDD3C2A03 /* [CP] Check Pods Manifest.lock */ = {
			isa = PBXShellScriptBuildPhase;
			buildActionMask = 2147483647;
			files = (
			);
			inputPaths = (
			);
			name = "[CP] Check Pods Manifest.lock";
			outputPaths = (
			);
			runOnlyForDeploymentPostprocessing = 0;
			shellPath = /bin/sh;
			shellScript = "diff \"${PODS_ROOT}/../Podfile.lock\" \"${PODS_ROOT}/Manifest.lock\" > /dev/null\nif [ $? != 0 ] ; then\n    # print error to STDERR\n    echo \"error: The sandbox is not in sync with the Podfile.lock. Run 'pod install' or update your CocoaPods installation.\" >&2\n    exit 1\nfi\n";
			showEnvVarsInLog = 0;
		};
/* End PBXShellScriptBuildPhase section */

/* Begin PBXSourcesBuildPhase section */
		39628C0F1E3091A300900912 /* Sources */ = {
			isa = PBXSourcesBuildPhase;
			buildActionMask = 2147483647;
			files = (
				39E7BDE11E44E7F900E7DF8A /* TempoLight.swift in Sources */,
				395B000E1EB1B72900E929B0 /* AdditionButton.swift in Sources */,
				39359D111E369EB6004D4CC0 /* Metronome.swift in Sources */,
				39009B481E6D269F00697FD9 /* TripletButton.swift in Sources */,
				398181981EA41122007ED5CF /* TapTempo.swift in Sources */,
				399043351E3F0B1400BC19EB /* PlayButton.swift in Sources */,
				399043371E3F0C8100BC19EB /* PlaylistButton.swift in Sources */,
				397956B21EAF0C5800063CC1 /* AuthenticatedViewController.swift in Sources */,
				39DC7C481E355D9600E0B849 /* XMCircleGestureRecognizer.swift in Sources */,
				397956B41EAF0F8200063CC1 /* LoginViewController.swift in Sources */,
				396B79721EDD3353007BA3A9 /* AddPlaylistViewController.swift in Sources */,
				39628C191E3091A300900912 /* ViewController.swift in Sources */,
				39B983291E3875A100BCAF89 /* Gradients.swift in Sources */,
				391BD2071ED879B100981733 /* PlaylistTableViewCell.swift in Sources */,
				395B000C1EB1B69900E929B0 /* DividerLine.swift in Sources */,
				39009B4C1E6D3FA100697FD9 /* SixteenthButton.swift in Sources */,
				391BD2091ED899F500981733 /* Subdivisions.swift in Sources */,
				3914684B1E34884800CFBB5D /* MightyMetUI.swift in Sources */,
				39DC7C4A1E355F8700E0B849 /* BPMSelectorView.swift in Sources */,
				39009B4E1E6D410F00697FD9 /* QuarterButton.swift in Sources */,
				39ECB9FD1EA9CA8C00B6D704 /* PlaylistViewController.swift in Sources */,
				39EF2E4B1E6DCAFF008FF6EC /* EighthButton.swift in Sources */,
				39628C171E3091A300900912 /* AppDelegate.swift in Sources */,
				39B3D9531EE10C41007BB1FF /* SetTimeViewController.swift in Sources */,
				39ECB9FB1EA9C4A800B6D704 /* TitleLabel.swift in Sources */,
			);
			runOnlyForDeploymentPostprocessing = 0;
		};
/* End PBXSourcesBuildPhase section */

/* Begin PBXVariantGroup section */
		39628C1A1E3091A300900912 /* Main.storyboard */ = {
			isa = PBXVariantGroup;
			children = (
				39628C1B1E3091A300900912 /* Base */,
			);
			name = Main.storyboard;
			sourceTree = "<group>";
		};
		39628C1F1E3091A300900912 /* LaunchScreen.storyboard */ = {
			isa = PBXVariantGroup;
			children = (
				39628C201E3091A300900912 /* Base */,
			);
			name = LaunchScreen.storyboard;
			sourceTree = "<group>";
		};
/* End PBXVariantGroup section */

/* Begin XCBuildConfiguration section */
		39628C231E3091A300900912 /* Debug */ = {
			isa = XCBuildConfiguration;
			buildSettings = {
				ALWAYS_SEARCH_USER_PATHS = NO;
				CLANG_ANALYZER_NONNULL = YES;
				CLANG_CXX_LANGUAGE_STANDARD = "gnu++0x";
				CLANG_CXX_LIBRARY = "libc++";
				CLANG_ENABLE_MODULES = YES;
				CLANG_ENABLE_OBJC_ARC = YES;
				CLANG_WARN_BOOL_CONVERSION = YES;
				CLANG_WARN_CONSTANT_CONVERSION = YES;
				CLANG_WARN_DIRECT_OBJC_ISA_USAGE = YES_ERROR;
				CLANG_WARN_DOCUMENTATION_COMMENTS = YES;
				CLANG_WARN_EMPTY_BODY = YES;
				CLANG_WARN_ENUM_CONVERSION = YES;
				CLANG_WARN_INFINITE_RECURSION = YES;
				CLANG_WARN_INT_CONVERSION = YES;
				CLANG_WARN_OBJC_ROOT_CLASS = YES_ERROR;
				CLANG_WARN_SUSPICIOUS_MOVE = YES;
				CLANG_WARN_UNREACHABLE_CODE = YES;
				CLANG_WARN__DUPLICATE_METHOD_MATCH = YES;
				"CODE_SIGN_IDENTITY[sdk=iphoneos*]" = "iPhone Developer";
				COPY_PHASE_STRIP = NO;
				DEBUG_INFORMATION_FORMAT = dwarf;
				ENABLE_STRICT_OBJC_MSGSEND = YES;
				ENABLE_TESTABILITY = YES;
				GCC_C_LANGUAGE_STANDARD = gnu99;
				GCC_DYNAMIC_NO_PIC = NO;
				GCC_NO_COMMON_BLOCKS = YES;
				GCC_OPTIMIZATION_LEVEL = 0;
				GCC_PREPROCESSOR_DEFINITIONS = (
					"DEBUG=1",
					"$(inherited)",
				);
				GCC_WARN_64_TO_32_BIT_CONVERSION = YES;
				GCC_WARN_ABOUT_RETURN_TYPE = YES_ERROR;
				GCC_WARN_UNDECLARED_SELECTOR = YES;
				GCC_WARN_UNINITIALIZED_AUTOS = YES_AGGRESSIVE;
				GCC_WARN_UNUSED_FUNCTION = YES;
				GCC_WARN_UNUSED_VARIABLE = YES;
				IPHONEOS_DEPLOYMENT_TARGET = 10.2;
				MTL_ENABLE_DEBUG_INFO = YES;
				ONLY_ACTIVE_ARCH = YES;
				SDKROOT = iphoneos;
				SWIFT_ACTIVE_COMPILATION_CONDITIONS = DEBUG;
				SWIFT_OPTIMIZATION_LEVEL = "-Onone";
				TARGETED_DEVICE_FAMILY = "1,2";
			};
			name = Debug;
		};
		39628C241E3091A300900912 /* Release */ = {
			isa = XCBuildConfiguration;
			buildSettings = {
				ALWAYS_SEARCH_USER_PATHS = NO;
				CLANG_ANALYZER_NONNULL = YES;
				CLANG_CXX_LANGUAGE_STANDARD = "gnu++0x";
				CLANG_CXX_LIBRARY = "libc++";
				CLANG_ENABLE_MODULES = YES;
				CLANG_ENABLE_OBJC_ARC = YES;
				CLANG_WARN_BOOL_CONVERSION = YES;
				CLANG_WARN_CONSTANT_CONVERSION = YES;
				CLANG_WARN_DIRECT_OBJC_ISA_USAGE = YES_ERROR;
				CLANG_WARN_DOCUMENTATION_COMMENTS = YES;
				CLANG_WARN_EMPTY_BODY = YES;
				CLANG_WARN_ENUM_CONVERSION = YES;
				CLANG_WARN_INFINITE_RECURSION = YES;
				CLANG_WARN_INT_CONVERSION = YES;
				CLANG_WARN_OBJC_ROOT_CLASS = YES_ERROR;
				CLANG_WARN_SUSPICIOUS_MOVE = YES;
				CLANG_WARN_UNREACHABLE_CODE = YES;
				CLANG_WARN__DUPLICATE_METHOD_MATCH = YES;
				"CODE_SIGN_IDENTITY[sdk=iphoneos*]" = "iPhone Developer";
				COPY_PHASE_STRIP = NO;
				DEBUG_INFORMATION_FORMAT = "dwarf-with-dsym";
				ENABLE_NS_ASSERTIONS = NO;
				ENABLE_STRICT_OBJC_MSGSEND = YES;
				GCC_C_LANGUAGE_STANDARD = gnu99;
				GCC_NO_COMMON_BLOCKS = YES;
				GCC_WARN_64_TO_32_BIT_CONVERSION = YES;
				GCC_WARN_ABOUT_RETURN_TYPE = YES_ERROR;
				GCC_WARN_UNDECLARED_SELECTOR = YES;
				GCC_WARN_UNINITIALIZED_AUTOS = YES_AGGRESSIVE;
				GCC_WARN_UNUSED_FUNCTION = YES;
				GCC_WARN_UNUSED_VARIABLE = YES;
				IPHONEOS_DEPLOYMENT_TARGET = 10.2;
				MTL_ENABLE_DEBUG_INFO = NO;
				SDKROOT = iphoneos;
				SWIFT_OPTIMIZATION_LEVEL = "-Owholemodule";
				TARGETED_DEVICE_FAMILY = "1,2";
				VALIDATE_PRODUCT = YES;
			};
			name = Release;
		};
		39628C261E3091A300900912 /* Debug */ = {
			isa = XCBuildConfiguration;
			baseConfigurationReference = 9064E0C1E3168B848099190D /* Pods-MightyMet.debug.xcconfig */;
			buildSettings = {
				ASSETCATALOG_COMPILER_APPICON_NAME = AppIcon;
				DEVELOPMENT_TEAM = S4L5PVTT36;
				FRAMEWORK_SEARCH_PATHS = (
					"$(inherited)",
					"$(PROJECT_DIR)/MightyMet",
					"$(PROJECT_DIR)",
				);
				INFOPLIST_FILE = MightyMet/Info.plist;
				IPHONEOS_DEPLOYMENT_TARGET = 10.3;
				LD_RUNPATH_SEARCH_PATHS = "$(inherited) @executable_path/Frameworks";
				PRODUCT_BUNDLE_IDENTIFIER = justinbane.com.MightyMet;
				PRODUCT_NAME = "$(TARGET_NAME)";
				SWIFT_VERSION = 3.0;
				TARGETED_DEVICE_FAMILY = 1;
			};
			name = Debug;
		};
		39628C271E3091A300900912 /* Release */ = {
			isa = XCBuildConfiguration;
			baseConfigurationReference = 65BD912CE2952922DB5C34BA /* Pods-MightyMet.release.xcconfig */;
			buildSettings = {
				ASSETCATALOG_COMPILER_APPICON_NAME = AppIcon;
				DEVELOPMENT_TEAM = S4L5PVTT36;
				FRAMEWORK_SEARCH_PATHS = (
					"$(inherited)",
					"$(PROJECT_DIR)/MightyMet",
					"$(PROJECT_DIR)",
				);
				INFOPLIST_FILE = MightyMet/Info.plist;
				IPHONEOS_DEPLOYMENT_TARGET = 10.3;
				LD_RUNPATH_SEARCH_PATHS = "$(inherited) @executable_path/Frameworks";
				PRODUCT_BUNDLE_IDENTIFIER = justinbane.com.MightyMet;
				PRODUCT_NAME = "$(TARGET_NAME)";
				SWIFT_VERSION = 3.0;
				TARGETED_DEVICE_FAMILY = 1;
			};
			name = Release;
		};
/* End XCBuildConfiguration section */

/* Begin XCConfigurationList section */
		39628C0E1E3091A300900912 /* Build configuration list for PBXProject "MightyMet" */ = {
			isa = XCConfigurationList;
			buildConfigurations = (
				39628C231E3091A300900912 /* Debug */,
				39628C241E3091A300900912 /* Release */,
			);
			defaultConfigurationIsVisible = 0;
			defaultConfigurationName = Release;
		};
		39628C251E3091A300900912 /* Build configuration list for PBXNativeTarget "MightyMet" */ = {
			isa = XCConfigurationList;
			buildConfigurations = (
				39628C261E3091A300900912 /* Debug */,
				39628C271E3091A300900912 /* Release */,
			);
			defaultConfigurationIsVisible = 0;
			defaultConfigurationName = Release;
		};
/* End XCConfigurationList section */
	};
	rootObject = 39628C0B1E3091A300900912 /* Project object */;
}
